
Microsoft Visual Studio Solution File, Format Version 12.00
# Visual Studio 15
VisualStudioVersion = 15.0.28010.2036
MinimumVisualStudioVersion = 10.0.40219.1
Project("{FAE04EC0-301F-11D3-BF4B-00C04F79EFBC}") = "NetCore", "NetCore\NetCore.csproj", "{2C611E8C-312C-4706-961C-36110A0FBA0B}"
EndProject
Global
	GlobalSection(SolutionConfigurationPlatforms) = preSolution
		Debug|Any CPU = Debug|Any CPU
		Release|Any CPU = Release|Any CPU
	EndGlobalSection
	GlobalSection(ProjectConfigurationPlatforms) = postSolution
		{2C611E8C-312C-4706-961C-36110A0FBA0B}.Debug|Any CPU.ActiveCfg = Debug|Any CPU
		{2C611E8C-312C-4706-961C-36110A0FBA0B}.Debug|Any CPU.Build.0 = Debug|Any CPU
		{2C611E8C-312C-4706-961C-36110A0FBA0B}.Release|Any CPU.ActiveCfg = Release|Any CPU
		{2C611E8C-312C-4706-961C-36110A0FBA0B}.Release|Any CPU.Build.0 = Release|Any CPU
	EndGlobalSection
	GlobalSection(SolutionProperties) = preSolution
		HideSolutionNode = FALSE
	EndGlobalSection
	GlobalSection(ExtensibilityGlobals) = postSolution
		SolutionGuid = {2DF84943-6060-44A7-9AAA-F0AEB6FCAF22}
	EndGlobalSection
EndGlobal
